// !$*UTF8*$!
{
	archiveVersion = 1;
	classes = {
	};
	objectVersion = 50;
	objects = {

/* Begin PBXBuildFile section */
		149303CA2213390B00CFC4CA /* Iten.swift in Sources */ = {isa = PBXBuildFile; fileRef = 149303C92213390B00CFC4CA /* Iten.swift */; };
		14A05922220DF0E300C22B0F /* AppDelegate.swift in Sources */ = {isa = PBXBuildFile; fileRef = 14A05921220DF0E300C22B0F /* AppDelegate.swift */; };
		14A05924220DF0E300C22B0F /* ViewController.swift in Sources */ = {isa = PBXBuildFile; fileRef = 14A05923220DF0E300C22B0F /* ViewController.swift */; };
		14A05927220DF0E300C22B0F /* Main.storyboard in Resources */ = {isa = PBXBuildFile; fileRef = 14A05925220DF0E300C22B0F /* Main.storyboard */; };
		14A05929220DF0E900C22B0F /* Assets.xcassets in Resources */ = {isa = PBXBuildFile; fileRef = 14A05928220DF0E900C22B0F /* Assets.xcassets */; };
		14A0592C220DF0E900C22B0F /* LaunchScreen.storyboard in Resources */ = {isa = PBXBuildFile; fileRef = 14A0592A220DF0E900C22B0F /* LaunchScreen.storyboard */; };
		14A05937220DF0E900C22B0F /* ShoppingListTests.swift in Sources */ = {isa = PBXBuildFile; fileRef = 14A05936220DF0E900C22B0F /* ShoppingListTests.swift */; };
		14A05942220DF0E900C22B0F /* ShoppingListUITests.swift in Sources */ = {isa = PBXBuildFile; fileRef = 14A05941220DF0E900C22B0F /* ShoppingListUITests.swift */; };
/* End PBXBuildFile section */

/* Begin PBXContainerItemProxy section */
		14A05933220DF0E900C22B0F /* PBXContainerItemProxy */ = {
			isa = PBXContainerItemProxy;
			containerPortal = 14A05916220DF0E200C22B0F /* Project object */;
			proxyType = 1;
			remoteGlobalIDString = 14A0591D220DF0E300C22B0F;
			remoteInfo = ShoppingList;
		};
		14A0593E220DF0E900C22B0F /* PBXContainerItemProxy */ = {
			isa = PBXContainerItemProxy;
			containerPortal = 14A05916220DF0E200C22B0F /* Project object */;
			proxyType = 1;
			remoteGlobalIDString = 14A0591D220DF0E300C22B0F;
			remoteInfo = ShoppingList;
		};
/* End PBXContainerItemProxy section */

/* Begin PBXFileReference section */
		149303C92213390B00CFC4CA /* Iten.swift */ = {isa = PBXFileReference; lastKnownFileType = sourcecode.swift; path = Iten.swift; sourceTree = "<group>"; };
		14A0591E220DF0E300C22B0F /* ShoppingList.app */ = {isa = PBXFileReference; explicitFileType = wrapper.application; includeInIndex = 0; path = ShoppingList.app; sourceTree = BUILT_PRODUCTS_DIR; };
		14A05921220DF0E300C22B0F /* AppDelegate.swift */ = {isa = PBXFileReference; lastKnownFileType = sourcecode.swift; path = AppDelegate.swift; sourceTree = "<group>"; };
		14A05923220DF0E300C22B0F /* ViewController.swift */ = {isa = PBXFileReference; lastKnownFileType = sourcecode.swift; path = ViewController.swift; sourceTree = "<group>"; };
		14A05926220DF0E300C22B0F /* Base */ = {isa = PBXFileReference; lastKnownFileType = file.storyboard; name = Base; path = Base.lproj/Main.storyboard; sourceTree = "<group>"; };
		14A05928220DF0E900C22B0F /* Assets.xcassets */ = {isa = PBXFileReference; lastKnownFileType = folder.assetcatalog; path = Assets.xcassets; sourceTree = "<group>"; };
		14A0592B220DF0E900C22B0F /* Base */ = {isa = PBXFileReference; lastKnownFileType = file.storyboard; name = Base; path = Base.lproj/LaunchScreen.storyboard; sourceTree = "<group>"; };
		14A0592D220DF0E900C22B0F /* Info.plist */ = {isa = PBXFileReference; lastKnownFileType = text.plist.xml; path = Info.plist; sourceTree = "<group>"; };
		14A05932220DF0E900C22B0F /* ShoppingListTests.xctest */ = {isa = PBXFileReference; explicitFileType = wrapper.cfbundle; includeInIndex = 0; path = ShoppingListTests.xctest; sourceTree = BUILT_PRODUCTS_DIR; };
		14A05936220DF0E900C22B0F /* ShoppingListTests.swift */ = {isa = PBXFileReference; lastKnownFileType = sourcecode.swift; path = ShoppingListTests.swift; sourceTree = "<group>"; };
		14A05938220DF0E900C22B0F /* Info.plist */ = {isa = PBXFileReference; lastKnownFileType = text.plist.xml; path = Info.plist; sourceTree = "<group>"; };
		14A0593D220DF0E900C22B0F /* ShoppingListUITests.xctest */ = {isa = PBXFileReference; explicitFileType = wrapper.cfbundle; includeInIndex = 0; path = ShoppingListUITests.xctest; sourceTree = BUILT_PRODUCTS_DIR; };
		14A05941220DF0E900C22B0F /* ShoppingListUITests.swift */ = {isa = PBXFileReference; lastKnownFileType = sourcecode.swift; path = ShoppingListUITests.swift; sourceTree = "<group>"; };
		14A05943220DF0E900C22B0F /* Info.plist */ = {isa = PBXFileReference; lastKnownFileType = text.plist.xml; path = Info.plist; sourceTree = "<group>"; };
/* End PBXFileReference section */

/* Begin PBXFrameworksBuildPhase section */
		14A0591B220DF0E300C22B0F /* Frameworks */ = {
			isa = PBXFrameworksBuildPhase;
			buildActionMask = 2147483647;
			files = (
			);
			runOnlyForDeploymentPostprocessing = 0;
		};
		14A0592F220DF0E900C22B0F /* Frameworks */ = {
			isa = PBXFrameworksBuildPhase;
			buildActionMask = 2147483647;
			files = (
			);
			runOnlyForDeploymentPostprocessing = 0;
		};
		14A0593A220DF0E900C22B0F /* Frameworks */ = {
			isa = PBXFrameworksBuildPhase;
			buildActionMask = 2147483647;
			files = (
			);
			runOnlyForDeploymentPostprocessing = 0;
		};
/* End PBXFrameworksBuildPhase section */

/* Begin PBXGroup section */
		14A05915220DF0E200C22B0F = {
			isa = PBXGroup;
			children = (
				149303C92213390B00CFC4CA /* Iten.swift */,
				14A05920220DF0E300C22B0F /* ShoppingList */,
				14A05935220DF0E900C22B0F /* ShoppingListTests */,
				14A05940220DF0E900C22B0F /* ShoppingListUITests */,
				14A0591F220DF0E300C22B0F /* Products */,
			);
			sourceTree = "<group>";
		};
		14A0591F220DF0E300C22B0F /* Products */ = {
			isa = PBXGroup;
			children = (
				14A0591E220DF0E300C22B0F /* ShoppingList.app */,
				14A05932220DF0E900C22B0F /* ShoppingListTests.xctest */,
				14A0593D220DF0E900C22B0F /* ShoppingListUITests.xctest */,
			);
			name = Products;
			sourceTree = "<group>";
		};
		14A05920220DF0E300C22B0F /* ShoppingList */ = {
			isa = PBXGroup;
			children = (
				14A05921220DF0E300C22B0F /* AppDelegate.swift */,
				14A05923220DF0E300C22B0F /* ViewController.swift */,
				14A05925220DF0E300C22B0F /* Main.storyboard */,
				14A05928220DF0E900C22B0F /* Assets.xcassets */,
				14A0592A220DF0E900C22B0F /* LaunchScreen.storyboard */,
				14A0592D220DF0E900C22B0F /* Info.plist */,
			);
			path = ShoppingList;
			sourceTree = "<group>";
		};
		14A05935220DF0E900C22B0F /* ShoppingListTests */ = {
			isa = PBXGroup;
			children = (
				14A05936220DF0E900C22B0F /* ShoppingListTests.swift */,
				14A05938220DF0E900C22B0F /* Info.plist */,
			);
			path = ShoppingListTests;
			sourceTree = "<group>";
		};
		14A05940220DF0E900C22B0F /* ShoppingListUITests */ = {
			isa = PBXGroup;
			children = (
				14A05941220DF0E900C22B0F /* ShoppingListUITests.swift */,
				14A05943220DF0E900C22B0F /* Info.plist */,
			);
			path = ShoppingListUITests;
			sourceTree = "<group>";
		};
/* End PBXGroup section */

/* Begin PBXNativeTarget section */
		14A0591D220DF0E300C22B0F /* ShoppingList */ = {
			isa = PBXNativeTarget;
			buildConfigurationList = 14A05946220DF0E900C22B0F /* Build configuration list for PBXNativeTarget "ShoppingList" */;
			buildPhases = (
				14A0591A220DF0E300C22B0F /* Sources */,
				14A0591B220DF0E300C22B0F /* Frameworks */,
				14A0591C220DF0E300C22B0F /* Resources */,
			);
			buildRules = (
			);
			dependencies = (
			);
			name = ShoppingList;
			productName = ShoppingList;
			productReference = 14A0591E220DF0E300C22B0F /* ShoppingList.app */;
			productType = "com.apple.product-type.application";
		};
		14A05931220DF0E900C22B0F /* ShoppingListTests */ = {
			isa = PBXNativeTarget;
			buildConfigurationList = 14A05949220DF0E900C22B0F /* Build configuration list for PBXNativeTarget "ShoppingListTests" */;
			buildPhases = (
				14A0592E220DF0E900C22B0F /* Sources */,
				14A0592F220DF0E900C22B0F /* Frameworks */,
				14A05930220DF0E900C22B0F /* Resources */,
			);
			buildRules = (
			);
			dependencies = (
				14A05934220DF0E900C22B0F /* PBXTargetDependency */,
			);
			name = ShoppingListTests;
			productName = ShoppingListTests;
			productReference = 14A05932220DF0E900C22B0F /* ShoppingListTests.xctest */;
			productType = "com.apple.product-type.bundle.unit-test";
		};
		14A0593C220DF0E900C22B0F /* ShoppingListUITests */ = {
			isa = PBXNativeTarget;
			buildConfigurationList = 14A0594C220DF0E900C22B0F /* Build configuration list for PBXNativeTarget "ShoppingListUITests" */;
			buildPhases = (
				14A05939220DF0E900C22B0F /* Sources */,
				14A0593A220DF0E900C22B0F /* Frameworks */,
				14A0593B220DF0E900C22B0F /* Resources */,
			);
			buildRules = (
			);
			dependencies = (
				14A0593F220DF0E900C22B0F /* PBXTargetDependency */,
			);
			name = ShoppingListUITests;
			productName = ShoppingListUITests;
			productReference = 14A0593D220DF0E900C22B0F /* ShoppingListUITests.xctest */;
			productType = "com.apple.product-type.bundle.ui-testing";
		};
/* End PBXNativeTarget section */

/* Begin PBXProject section */
		14A05916220DF0E200C22B0F /* Project object */ = {
			isa = PBXProject;
			attributes = {
				LastSwiftUpdateCheck = 1010;
				LastUpgradeCheck = 1010;
				ORGANIZATIONNAME = "Michael Linker";
				TargetAttributes = {
					14A0591D220DF0E300C22B0F = {
						CreatedOnToolsVersion = 10.1;
					};
					14A05931220DF0E900C22B0F = {
						CreatedOnToolsVersion = 10.1;
						TestTargetID = 14A0591D220DF0E300C22B0F;
					};
					14A0593C220DF0E900C22B0F = {
						CreatedOnToolsVersion = 10.1;
						TestTargetID = 14A0591D220DF0E300C22B0F;
					};
				};
			};
			buildConfigurationList = 14A05919220DF0E200C22B0F /* Build configuration list for PBXProject "ShoppingList" */;
			compatibilityVersion = "Xcode 9.3";
			developmentRegion = en;
			hasScannedForEncodings = 0;
			knownRegions = (
				en,
				Base,
			);
			mainGroup = 14A05915220DF0E200C22B0F;
			productRefGroup = 14A0591F220DF0E300C22B0F /* Products */;
			projectDirPath = "";
			projectRoot = "";
			targets = (
				14A0591D220DF0E300C22B0F /* ShoppingList */,
				14A05931220DF0E900C22B0F /* ShoppingListTests */,
				14A0593C220DF0E900C22B0F /* ShoppingListUITests */,
			);
		};
/* End PBXProject section */

/* Begin PBXResourcesBuildPhase section */
		14A0591C220DF0E300C22B0F /* Resources */ = {
			isa = PBXResourcesBuildPhase;
			buildActionMask = 2147483647;
			files = (
				14A0592C220DF0E900C22B0F /* LaunchScreen.storyboard in Resources */,
				14A05929220DF0E900C22B0F /* Assets.xcassets in Resources */,
				14A05927220DF0E300C22B0F /* Main.storyboard in Resources */,
			);
			runOnlyForDeploymentPostprocessing = 0;
		};
		14A05930220DF0E900C22B0F /* Resources */ = {
			isa = PBXResourcesBuildPhase;
			buildActionMask = 2147483647;
			files = (
			);
			runOnlyForDeploymentPostprocessing = 0;
		};
		14A0593B220DF0E900C22B0F /* Resources */ = {
			isa = PBXResourcesBuildPhase;
			buildActionMask = 2147483647;
			files = (
			);
			runOnlyForDeploymentPostprocessing = 0;
		};
/* End PBXResourcesBuildPhase section */

/* Begin PBXSourcesBuildPhase section */
		14A0591A220DF0E300C22B0F /* Sources */ = {
			isa = PBXSourcesBuildPhase;
			buildActionMask = 2147483647;
			files = (
				14A05924220DF0E300C22B0F /* ViewController.swift in Sources */,
				149303CA2213390B00CFC4CA /* Iten.swift in Sources */,
				14A05922220DF0E300C22B0F /* AppDelegate.swift in Sources */,
			);
			runOnlyForDeploymentPostprocessing = 0;
		};
		14A0592E220DF0E900C22B0F /* Sources */ = {
			isa = PBXSourcesBuildPhase;
			buildActionMask = 2147483647;
			files = (
				14A05937220DF0E900C22B0F /* ShoppingListTests.swift in Sources */,
			);
			runOnlyForDeploymentPostprocessing = 0;
		};
		14A05939220DF0E900C22B0F /* Sources */ = {
			isa = PBXSourcesBuildPhase;
			buildActionMask = 2147483647;
			files = (
				14A05942220DF0E900C22B0F /* ShoppingListUITests.swift in Sources */,
			);
			runOnlyForDeploymentPostprocessing = 0;
		};
/* End PBXSourcesBuildPhase section */

/* Begin PBXTargetDependency section */
		14A05934220DF0E900C22B0F /* PBXTargetDependency */ = {
			isa = PBXTargetDependency;
			target = 14A0591D220DF0E300C22B0F /* ShoppingList */;
			targetProxy = 14A05933220DF0E900C22B0F /* PBXContainerItemProxy */;
		};
		14A0593F220DF0E900C22B0F /* PBXTargetDependency */ = {
			isa = PBXTargetDependency;
			target = 14A0591D220DF0E300C22B0F /* ShoppingList */;
			targetProxy = 14A0593E220DF0E900C22B0F /* PBXContainerItemProxy */;
		};
/* End PBXTargetDependency section */

/* Begin PBXVariantGroup section */
		14A05925220DF0E300C22B0F /* Main.storyboard */ = {
			isa = PBXVariantGroup;
			children = (
				14A05926220DF0E300C22B0F /* Base */,
			);
			name = Main.storyboard;
			sourceTree = "<group>";
		};
		14A0592A220DF0E900C22B0F /* LaunchScreen.storyboard */ = {
			isa = PBXVariantGroup;
			children = (
				14A0592B220DF0E900C22B0F /* Base */,
			);
			name = LaunchScreen.storyboard;
			sourceTree = "<group>";
		};
/* End PBXVariantGroup section */

/* Begin XCBuildConfiguration section */
		14A05944220DF0E900C22B0F /* Debug */ = {
			isa = XCBuildConfiguration;
			buildSettings = {
				ALWAYS_SEARCH_USER_PATHS = NO;
				CLANG_ANALYZER_NONNULL = YES;
				CLANG_ANALYZER_NUMBER_OBJECT_CONVERSION = YES_AGGRESSIVE;
				CLANG_CXX_LANGUAGE_STANDARD = "gnu++14";
				CLANG_CXX_LIBRARY = "libc++";
				CLANG_ENABLE_MODULES = YES;
				CLANG_ENABLE_OBJC_ARC = YES;
				CLANG_ENABLE_OBJC_WEAK = YES;
				CLANG_WARN_BLOCK_CAPTURE_AUTORELEASING = YES;
				CLANG_WARN_BOOL_CONVERSION = YES;
				CLANG_WARN_COMMA = YES;
				CLANG_WARN_CONSTANT_CONVERSION = YES;
				CLANG_WARN_DEPRECATED_OBJC_IMPLEMENTATIONS = YES;
				CLANG_WARN_DIRECT_OBJC_ISA_USAGE = YES_ERROR;
				CLANG_WARN_DOCUMENTATION_COMMENTS = YES;
				CLANG_WARN_EMPTY_BODY = YES;
				CLANG_WARN_ENUM_CONVERSION = YES;
				CLANG_WARN_INFINITE_RECURSION = YES;
				CLANG_WARN_INT_CONVERSION = YES;
				CLANG_WARN_NON_LITERAL_NULL_CONVERSION = YES;
				CLANG_WARN_OBJC_IMPLICIT_RETAIN_SELF = YES;
				CLANG_WARN_OBJC_LITERAL_CONVERSION = YES;
				CLANG_WARN_OBJC_ROOT_CLASS = YES_ERROR;
				CLANG_WARN_RANGE_LOOP_ANALYSIS = YES;
				CLANG_WARN_STRICT_PROTOTYPES = YES;
				CLANG_WARN_SUSPICIOUS_MOVE = YES;
				CLANG_WARN_UNGUARDED_AVAILABILITY = YES_AGGRESSIVE;
				CLANG_WARN_UNREACHABLE_CODE = YES;
				CLANG_WARN__DUPLICATE_METHOD_MATCH = YES;
				CODE_SIGN_IDENTITY = "iPhone Developer";
				COPY_PHASE_STRIP = NO;
				DEBUG_INFORMATION_FORMAT = dwarf;
				ENABLE_STRICT_OBJC_MSGSEND = YES;
				ENABLE_TESTABILITY = YES;
				GCC_C_LANGUAGE_STANDARD = gnu11;
				GCC_DYNAMIC_NO_PIC = NO;
				GCC_NO_COMMON_BLOCKS = YES;
				GCC_OPTIMIZATION_LEVEL = 0;
				GCC_PREPROCESSOR_DEFINITIONS = (
					"DEBUG=1",
					"$(inherited)",
				);
				GCC_WARN_64_TO_32_BIT_CONVERSION = YES;
				GCC_WARN_ABOUT_RETURN_TYPE = YES_ERROR;
				GCC_WARN_UNDECLARED_SELECTOR = YES;
				GCC_WARN_UNINITIALIZED_AUTOS = YES_AGGRESSIVE;
				GCC_WARN_UNUSED_FUNCTION = YES;
				GCC_WARN_UNUSED_VARIABLE = YES;
				IPHONEOS_DEPLOYMENT_TARGET = 12.1;
				MTL_ENABLE_DEBUG_INFO = INCLUDE_SOURCE;
				MTL_FAST_MATH = YES;
				ONLY_ACTIVE_ARCH = YES;
				SDKROOT = iphoneos;
				SWIFT_ACTIVE_COMPILATION_CONDITIONS = DEBUG;
				SWIFT_OPTIMIZATION_LEVEL = "-Onone";
			};
			name = Debug;
		};
		14A05945220DF0E900C22B0F /* Release */ = {
			isa = XCBuildConfiguration;
			buildSettings = {
				ALWAYS_SEARCH_USER_PATHS = NO;
				CLANG_ANALYZER_NONNULL = YES;
				CLANG_ANALYZER_NUMBER_OBJECT_CONVERSION = YES_AGGRESSIVE;
				CLANG_CXX_LANGUAGE_STANDARD = "gnu++14";
				CLANG_CXX_LIBRARY = "libc++";
				CLANG_ENABLE_MODULES = YES;
				CLANG_ENABLE_OBJC_ARC = YES;
				CLANG_ENABLE_OBJC_WEAK = YES;
				CLANG_WARN_BLOCK_CAPTURE_AUTORELEASING = YES;
				CLANG_WARN_BOOL_CONVERSION = YES;
				CLANG_WARN_COMMA = YES;
				CLANG_WARN_CONSTANT_CONVERSION = YES;
				CLANG_WARN_DEPRECATED_OBJC_IMPLEMENTATIONS = YES;
				CLANG_WARN_DIRECT_OBJC_ISA_USAGE = YES_ERROR;
				CLANG_WARN_DOCUMENTATION_COMMENTS = YES;
				CLANG_WARN_EMPTY_BODY = YES;
				CLANG_WARN_ENUM_CONVERSION = YES;
				CLANG_WARN_INFINITE_RECURSION = YES;
				CLANG_WARN_INT_CONVERSION = YES;
				CLANG_WARN_NON_LITERAL_NULL_CONVERSION = YES;
				CLANG_WARN_OBJC_IMPLICIT_RETAIN_SELF = YES;
				CLANG_WARN_OBJC_LITERAL_CONVERSION = YES;
				CLANG_WARN_OBJC_ROOT_CLASS = YES_ERROR;
				CLANG_WARN_RANGE_LOOP_ANALYSIS = YES;
				CLANG_WARN_STRICT_PROTOTYPES = YES;
				CLANG_WARN_SUSPICIOUS_MOVE = YES;
				CLANG_WARN_UNGUARDED_AVAILABILITY = YES_AGGRESSIVE;
				CLANG_WARN_UNREACHABLE_CODE = YES;
				CLANG_WARN__DUPLICATE_METHOD_MATCH = YES;
				CODE_SIGN_IDENTITY = "iPhone Developer";
				COPY_PHASE_STRIP = NO;
				DEBUG_INFORMATION_FORMAT = "dwarf-with-dsym";
				ENABLE_NS_ASSERTIONS = NO;
				ENABLE_STRICT_OBJC_MSGSEND = YES;
				GCC_C_LANGUAGE_STANDARD = gnu11;
				GCC_NO_COMMON_BLOCKS = YES;
				GCC_WARN_64_TO_32_BIT_CONVERSION = YES;
				GCC_WARN_ABOUT_RETURN_TYPE = YES_ERROR;
				GCC_WARN_UNDECLARED_SELECTOR = YES;
				GCC_WARN_UNINITIALIZED_AUTOS = YES_AGGRESSIVE;
				GCC_WARN_UNUSED_FUNCTION = YES;
				GCC_WARN_UNUSED_VARIABLE = YES;
				IPHONEOS_DEPLOYMENT_TARGET = 12.1;
				MTL_ENABLE_DEBUG_INFO = NO;
				MTL_FAST_MATH = YES;
				SDKROOT = iphoneos;
				SWIFT_COMPILATION_MODE = wholemodule;
				SWIFT_OPTIMIZATION_LEVEL = "-O";
				VALIDATE_PRODUCT = YES;
			};
			name = Release;
		};
		14A05947220DF0E900C22B0F /* Debug */ = {
			isa = XCBuildConfiguration;
			buildSettings = {
				ASSETCATALOG_COMPILER_APPICON_NAME = AppIcon;
				CODE_SIGN_STYLE = Automatic;
				INFOPLIST_FILE = ShoppingList/Info.plist;
				LD_RUNPATH_SEARCH_PATHS = (
					"$(inherited)",
					"@executable_path/Frameworks",
				);
				PRODUCT_BUNDLE_IDENTIFIER = JohnHerseyHighschool.ShoppingList;
				PRODUCT_NAME = "$(TARGET_NAME)";
				SWIFT_VERSION = 4.2;
				TARGETED_DEVICE_FAMILY = "1,2";
			};
			name = Debug;
		};
		14A05948220DF0E900C22B0F /* Release */ = {
			isa = XCBuildConfiguration;
			buildSettings = {
				ASSETCATALOG_COMPILER_APPICON_NAME = AppIcon;
				CODE_SIGN_STYLE = Automatic;
				INFOPLIST_FILE = ShoppingList/Info.plist;
				LD_RUNPATH_SEARCH_PATHS = (
					"$(inherited)",
					"@executable_path/Frameworks",
				);
				PRODUCT_BUNDLE_IDENTIFIER = JohnHerseyHighschool.ShoppingList;
				PRODUCT_NAME = "$(TARGET_NAME)";
				SWIFT_VERSION = 4.2;
				TARGETED_DEVICE_FAMILY = "1,2";
			};
			name = Release;
		};
		14A0594A220DF0E900C22B0F /* Debug */ = {
			isa = XCBuildConfiguration;
			buildSettings = {
				ALWAYS_EMBED_SWIFT_STANDARD_LIBRARIES = YES;
				BUNDLE_LOADER = "$(TEST_HOST)";
				CODE_SIGN_STYLE = Automatic;
				INFOPLIST_FILE = ShoppingListTests/Info.plist;
				LD_RUNPATH_SEARCH_PATHS = (
					"$(inherited)",
					"@executable_path/Frameworks",
					"@loader_path/Frameworks",
				);
				PRODUCT_BUNDLE_IDENTIFIER = JohnHerseyHighschool.ShoppingListTests;
				PRODUCT_NAME = "$(TARGET_NAME)";
				SWIFT_VERSION = 4.2;
				TARGETED_DEVICE_FAMILY = "1,2";
				TEST_HOST = "$(BUILT_PRODUCTS_DIR)/ShoppingList.app/ShoppingList";
			};
			name = Debug;
		};
		14A0594B220DF0E900C22B0F /* Release */ = {
			isa = XCBuildConfiguration;
			buildSettings = {
				ALWAYS_EMBED_SWIFT_STANDARD_LIBRARIES = YES;
				BUNDLE_LOADER = "$(TEST_HOST)";
				CODE_SIGN_STYLE = Automatic;
				INFOPLIST_FILE = ShoppingListTests/Info.plist;
				LD_RUNPATH_SEARCH_PATHS = (
					"$(inherited)",
					"@executable_path/Frameworks",
					"@loader_path/Frameworks",
				);
				PRODUCT_BUNDLE_IDENTIFIER = JohnHerseyHighschool.ShoppingListTests;
				PRODUCT_NAME = "$(TARGET_NAME)";
				SWIFT_VERSION = 4.2;
				TARGETED_DEVICE_FAMILY = "1,2";
				TEST_HOST = "$(BUILT_PRODUCTS_DIR)/ShoppingList.app/ShoppingList";
			};
			name = Release;
		};
		14A0594D220DF0E900C22B0F /* Debug */ = {
			isa = XCBuildConfiguration;
			buildSettings = {
				ALWAYS_EMBED_SWIFT_STANDARD_LIBRARIES = YES;
				CODE_SIGN_STYLE = Automatic;
				INFOPLIST_FILE = ShoppingListUITests/Info.plist;
				LD_RUNPATH_SEARCH_PATHS = (
					"$(inherited)",
					"@executable_path/Frameworks",
					"@loader_path/Frameworks",
				);
				PRODUCT_BUNDLE_IDENTIFIER = JohnHerseyHighschool.ShoppingListUITests;
				PRODUCT_NAME = "$(TARGET_NAME)";
				SWIFT_VERSION = 4.2;
				TARGETED_DEVICE_FAMILY = "1,2";
				TEST_TARGET_NAME = ShoppingList;
			};
			name = Debug;
		};
		14A0594E220DF0E900C22B0F /* Release */ = {
			isa = XCBuildConfiguration;
			buildSettings = {
				ALWAYS_EMBED_SWIFT_STANDARD_LIBRARIES = YES;
				CODE_SIGN_STYLE = Automatic;
				INFOPLIST_FILE = ShoppingListUITests/Info.plist;
				LD_RUNPATH_SEARCH_PATHS = (
					"$(inherited)",
					"@executable_path/Frameworks",
					"@loader_path/Frameworks",
				);
				PRODUCT_BUNDLE_IDENTIFIER = JohnHerseyHighschool.ShoppingListUITests;
				PRODUCT_NAME = "$(TARGET_NAME)";
				SWIFT_VERSION = 4.2;
				TARGETED_DEVICE_FAMILY = "1,2";
				TEST_TARGET_NAME = ShoppingList;
			};
			name = Release;
		};
/* End XCBuildConfiguration section */

/* Begin XCConfigurationList section */
		14A05919220DF0E200C22B0F /* Build configuration list for PBXProject "ShoppingList" */ = {
			isa = XCConfigurationList;
			buildConfigurations = (
				14A05944220DF0E900C22B0F /* Debug */,
				14A05945220DF0E900C22B0F /* Release */,
			);
			defaultConfigurationIsVisible = 0;
			defaultConfigurationName = Release;
		};
		14A05946220DF0E900C22B0F /* Build configuration list for PBXNativeTarget "ShoppingList" */ = {
			isa = XCConfigurationList;
			buildConfigurations = (
				14A05947220DF0E900C22B0F /* Debug */,
				14A05948220DF0E900C22B0F /* Release */,
			);
			defaultConfigurationIsVisible = 0;
			defaultConfigurationName = Release;
		};
		14A05949220DF0E900C22B0F /* Build configuration list for PBXNativeTarget "ShoppingListTests" */ = {
			isa = XCConfigurationList;
			buildConfigurations = (
				14A0594A220DF0E900C22B0F /* Debug */,
				14A0594B220DF0E900C22B0F /* Release */,
			);
			defaultConfigurationIsVisible = 0;
			defaultConfigurationName = Release;
		};
		14A0594C220DF0E900C22B0F /* Build configuration list for PBXNativeTarget "ShoppingListUITests" */ = {
			isa = XCConfigurationList;
			buildConfigurations = (
				14A0594D220DF0E900C22B0F /* Debug */,
				14A0594E220DF0E900C22B0F /* Release */,
			);
			defaultConfigurationIsVisible = 0;
			defaultConfigurationName = Release;
		};
/* End XCConfigurationList section */
	};
	rootObject = 14A05916220DF0E200C22B0F /* Project object */;
}
